<?xml version="1.0" encoding="UTF-8"?>
<!DOCTYPE plist PUBLIC "-//Apple//DTD PLIST 1.0//EN" "http://www.apple.com/DTDs/PropertyList-1.0.dtd">
<plist version="1.0">
<dict>
	<key>archiveVersion</key>
	<string>1</string>
	<key>classes</key>
	<dict/>
	<key>objectVersion</key>
	<string>46</string>
	<key>objects</key>
	<dict>
		<key>AE5D714ADDAF4904AEF8D650</key>
		<dict>
			<key>buildActionMask</key>
			<string>2147483647</string>
			<key>files</key>
			<array/>
			<key>inputPaths</key>
			<array/>
			<key>isa</key>
			<string>PBXShellScriptBuildPhase</string>
			<key>name</key>
			<string>Check Pods Manifest.lock</string>
			<key>outputPaths</key>
			<array/>
			<key>runOnlyForDeploymentPostprocessing</key>
			<string>0</string>
			<key>shellPath</key>
			<string>/bin/sh</string>
			<key>shellScript</key>
			<string>diff "${PODS_ROOT}/../Podfile.lock" "${PODS_ROOT}/Manifest.lock" &gt; /dev/null
if [[ $? != 0 ]] ; then
    cat &lt;&lt; EOM
error: The sandbox is not in sync with the Podfile.lock. Run 'pod install' or update your CocoaPods installation.
EOM
    exit 1
fi
</string>
			<key>showEnvVarsInLog</key>
			<string>1</string>
		</dict>
		<key>B7CF098D44F94B1A8B507968</key>
		<dict>
			<key>buildActionMask</key>
			<string>2147483647</string>
			<key>files</key>
			<array/>
			<key>inputPaths</key>
			<array/>
			<key>isa</key>
			<string>PBXShellScriptBuildPhase</string>
			<key>name</key>
			<string>Copy Pods Resources</string>
			<key>outputPaths</key>
			<array/>
			<key>runOnlyForDeploymentPostprocessing</key>
			<string>0</string>
			<key>shellPath</key>
			<string>/bin/sh</string>
			<key>shellScript</key>
			<string>"${SRCROOT}/Pods/Pods-resources.sh"
</string>
			<key>showEnvVarsInLog</key>
			<string>1</string>
		</dict>
		<key>BC886BFA5B5F462AA34AAF69</key>
		<dict>
			<key>explicitFileType</key>
			<string>archive.ar</string>
			<key>includeInIndex</key>
			<string>0</string>
			<key>isa</key>
			<string>PBXFileReference</string>
			<key>name</key>
			<string>libPods.a</string>
			<key>path</key>
			<string>libPods.a</string>
			<key>sourceTree</key>
			<string>BUILT_PRODUCTS_DIR</string>
		</dict>
		<key>C60A8F2C1752338800888BE7</key>
		<dict>
			<key>fileEncoding</key>
			<string>4</string>
			<key>isa</key>
			<string>PBXFileReference</string>
			<key>lastKnownFileType</key>
			<string>text</string>
			<key>path</key>
			<string>&#21476;&#25991;&#35266;&#27490;-utf16.txt</string>
			<key>sourceTree</key>
			<string>&lt;group&gt;</string>
		</dict>
		<key>C60A8F2D1752338800888BE7</key>
		<dict>
			<key>fileRef</key>
			<string>C60A8F2C1752338800888BE7</string>
			<key>isa</key>
			<string>PBXBuildFile</string>
		</dict>
		<key>C60A8F2E175233CF00888BE7</key>
		<dict>
			<key>fileEncoding</key>
			<string>4</string>
			<key>isa</key>
			<string>PBXFileReference</string>
			<key>lastKnownFileType</key>
			<string>text</string>
			<key>path</key>
			<string>&#35799;&#32463;-gb18030.txt</string>
			<key>sourceTree</key>
			<string>&lt;group&gt;</string>
		</dict>
		<key>C60A8F2F175233CF00888BE7</key>
		<dict>
			<key>fileRef</key>
			<string>C60A8F2E175233CF00888BE7</string>
			<key>isa</key>
			<string>PBXBuildFile</string>
		</dict>
		<key>C60A8F321752362200888BE7</key>
		<dict>
			<key>fileEncoding</key>
			<string>4</string>
			<key>isa</key>
			<string>PBXFileReference</string>
			<key>lastKnownFileType</key>
			<string>text</string>
			<key>path</key>
			<string>harry-porter.txt</string>
			<key>sourceTree</key>
			<string>&lt;group&gt;</string>
		</dict>
		<key>C60A8F331752362200888BE7</key>
		<dict>
			<key>fileRef</key>
			<string>C60A8F321752362200888BE7</string>
			<key>isa</key>
			<string>PBXBuildFile</string>
		</dict>
		<key>C60A8F3417564A5D00888BE7</key>
		<dict>
			<key>fileEncoding</key>
			<string>4</string>
			<key>isa</key>
			<string>PBXFileReference</string>
			<key>lastKnownFileType</key>
			<string>text</string>
			<key>path</key>
			<string>&#25991;&#23398;&#23569;&#22899;-utf16be.txt</string>
			<key>sourceTree</key>
			<string>&lt;group&gt;</string>
		</dict>
		<key>C60A8F3517564A5D00888BE7</key>
		<dict>
			<key>fileRef</key>
			<string>C60A8F3417564A5D00888BE7</string>
			<key>isa</key>
			<string>PBXBuildFile</string>
		</dict>
		<key>C60A8F361758C50A00888BE7</key>
		<dict>
			<key>children</key>
			<array>
				<string>C60A8F371758C5A400888BE7</string>
				<string>C60A8F381758C5A400888BE7</string>
				<string>C60A8F391758C5A400888BE7</string>
			</array>
			<key>isa</key>
			<string>PBXGroup</string>
			<key>path</key>
			<string>controller</string>
			<key>sourceTree</key>
			<string>&lt;group&gt;</string>
		</dict>
		<key>C60A8F371758C5A400888BE7</key>
		<dict>
			<key>fileEncoding</key>
			<string>4</string>
			<key>isa</key>
			<string>PBXFileReference</string>
			<key>lastKnownFileType</key>
			<string>sourcecode.c.h</string>
			<key>path</key>
			<string>ReadController.h</string>
			<key>sourceTree</key>
			<string>&lt;group&gt;</string>
		</dict>
		<key>C60A8F381758C5A400888BE7</key>
		<dict>
			<key>fileEncoding</key>
			<string>4</string>
			<key>isa</key>
			<string>PBXFileReference</string>
			<key>lastKnownFileType</key>
			<string>sourcecode.c.objc</string>
			<key>path</key>
			<string>ReadController.m</string>
			<key>sourceTree</key>
			<string>&lt;group&gt;</string>
		</dict>
		<key>C60A8F391758C5A400888BE7</key>
		<dict>
			<key>fileEncoding</key>
			<string>4</string>
			<key>isa</key>
			<string>PBXFileReference</string>
			<key>lastKnownFileType</key>
			<string>file.xib</string>
			<key>path</key>
			<string>ReadController.xib</string>
			<key>sourceTree</key>
			<string>&lt;group&gt;</string>
		</dict>
		<key>C60A8F3A1758C5A400888BE7</key>
		<dict>
			<key>fileRef</key>
			<string>C60A8F381758C5A400888BE7</string>
			<key>isa</key>
			<string>PBXBuildFile</string>
		</dict>
		<key>C60A8F3B1758C5A400888BE7</key>
		<dict>
			<key>fileRef</key>
			<string>C60A8F391758C5A400888BE7</string>
			<key>isa</key>
			<string>PBXBuildFile</string>
		</dict>
		<key>C60A8F3C1758C63000888BE7</key>
		<dict>
			<key>children</key>
			<array>
				<string>C60A8F3D1758C6AE00888BE7</string>
				<string>C60A8F3E1758C6AE00888BE7</string>
			</array>
			<key>isa</key>
			<string>PBXGroup</string>
			<key>path</key>
			<string>view</string>
			<key>sourceTree</key>
			<string>&lt;group&gt;</string>
		</dict>
		<key>C60A8F3D1758C6AE00888BE7</key>
		<dict>
			<key>fileEncoding</key>
			<string>4</string>
			<key>isa</key>
			<string>PBXFileReference</string>
			<key>lastKnownFileType</key>
			<string>sourcecode.c.h</string>
			<key>path</key>
			<string>PageView.h</string>
			<key>sourceTree</key>
			<string>&lt;group&gt;</string>
		</dict>
		<key>C60A8F3E1758C6AE00888BE7</key>
		<dict>
			<key>fileEncoding</key>
			<string>4</string>
			<key>isa</key>
			<string>PBXFileReference</string>
			<key>lastKnownFileType</key>
			<string>sourcecode.c.objc</string>
			<key>path</key>
			<string>PageView.m</string>
			<key>sourceTree</key>
			<string>&lt;group&gt;</string>
		</dict>
		<key>C60A8F3F1758C6AE00888BE7</key>
		<dict>
			<key>fileRef</key>
			<string>C60A8F3E1758C6AE00888BE7</string>
			<key>isa</key>
			<string>PBXBuildFile</string>
		</dict>
		<key>C60A8F40175A148B00888BE7</key>
		<dict>
			<key>fileEncoding</key>
			<string>4</string>
			<key>isa</key>
			<string>PBXFileReference</string>
			<key>lastKnownFileType</key>
			<string>sourcecode.c.h</string>
			<key>path</key>
			<string>Typesetting.h</string>
			<key>sourceTree</key>
			<string>&lt;group&gt;</string>
		</dict>
		<key>C60A8F41175A148B00888BE7</key>
		<dict>
			<key>fileEncoding</key>
			<string>4</string>
			<key>isa</key>
			<string>PBXFileReference</string>
			<key>lastKnownFileType</key>
			<string>sourcecode.c.objc</string>
			<key>path</key>
			<string>Typesetting.m</string>
			<key>sourceTree</key>
			<string>&lt;group&gt;</string>
		</dict>
		<key>C60A8F42175A148B00888BE7</key>
		<dict>
			<key>fileRef</key>
			<string>C60A8F41175A148B00888BE7</string>
			<key>isa</key>
			<string>PBXBuildFile</string>
		</dict>
		<key>C60A8F43175A148B00888BE7</key>
		<dict>
			<key>fileRef</key>
			<string>C60A8F41175A148B00888BE7</string>
			<key>isa</key>
			<string>PBXBuildFile</string>
		</dict>
		<key>C6111CA9170EF4FA00755439</key>
		<dict>
			<key>fileEncoding</key>
			<string>4</string>
			<key>isa</key>
			<string>PBXFileReference</string>
			<key>lastKnownFileType</key>
			<string>sourcecode.c.h</string>
			<key>path</key>
			<string>TextFileTools.h</string>
			<key>sourceTree</key>
			<string>&lt;group&gt;</string>
		</dict>
		<key>C6111CAA170EF4FA00755439</key>
		<dict>
			<key>fileEncoding</key>
			<string>4</string>
			<key>isa</key>
			<string>PBXFileReference</string>
			<key>lastKnownFileType</key>
			<string>sourcecode.c.objc</string>
			<key>path</key>
			<string>TextFileTools.m</string>
			<key>sourceTree</key>
			<string>&lt;group&gt;</string>
		</dict>
		<key>C6111CAB170EF4FA00755439</key>
		<dict>
			<key>fileRef</key>
			<string>C6111CAA170EF4FA00755439</string>
			<key>isa</key>
			<string>PBXBuildFile</string>
		</dict>
		<key>C6111CAC170EF4FA00755439</key>
		<dict>
			<key>fileRef</key>
			<string>C6111CAA170EF4FA00755439</string>
			<key>isa</key>
			<string>PBXBuildFile</string>
		</dict>
		<key>C6111CAD170F07C900755439</key>
		<dict>
			<key>fileEncoding</key>
			<string>4</string>
			<key>isa</key>
			<string>PBXFileReference</string>
			<key>lastKnownFileType</key>
			<string>text</string>
			<key>path</key>
			<string>&#21476;&#25991;&#35266;&#27490;-utf8.txt</string>
			<key>sourceTree</key>
			<string>&lt;group&gt;</string>
		</dict>
		<key>C6111CAE170F07C900755439</key>
		<dict>
			<key>fileRef</key>
			<string>C6111CAD170F07C900755439</string>
			<key>isa</key>
			<string>PBXBuildFile</string>
		</dict>
		<key>C63E43A217512C0100FFBA23</key>
		<dict>
			<key>fileRef</key>
			<string>C65149DE175053D600B1E330</string>
			<key>isa</key>
			<string>PBXBuildFile</string>
		</dict>
		<key>C63E43A317512C0500FFBA23</key>
		<dict>
			<key>fileRef</key>
			<string>C65149DB174FC9AC00B1E330</string>
			<key>isa</key>
			<string>PBXBuildFile</string>
		</dict>
		<key>C63E43A417512EBD00FFBA23</key>
		<dict>
			<key>fileRef</key>
			<string>C679BEE4170926600010858A</string>
			<key>isa</key>
			<string>PBXBuildFile</string>
		</dict>
		<key>C642DB141710000A00A4A5EA</key>
		<dict>
			<key>fileEncoding</key>
			<string>4</string>
			<key>isa</key>
			<string>PBXFileReference</string>
			<key>lastKnownFileType</key>
			<string>text</string>
			<key>path</key>
			<string>&#21476;&#25991;&#35266;&#27490;-big5.txt</string>
			<key>sourceTree</key>
			<string>&lt;group&gt;</string>
		</dict>
		<key>C642DB171710000A00A4A5EA</key>
		<dict>
			<key>fileEncoding</key>
			<string>4</string>
			<key>isa</key>
			<string>PBXFileReference</string>
			<key>lastKnownFileType</key>
			<string>text</string>
			<key>path</key>
			<string>&#35799;&#32463;-utf8.txt</string>
			<key>sourceTree</key>
			<string>&lt;group&gt;</string>
		</dict>
		<key>C642DB1A1710000A00A4A5EA</key>
		<dict>
			<key>fileRef</key>
			<string>C642DB141710000A00A4A5EA</string>
			<key>isa</key>
			<string>PBXBuildFile</string>
		</dict>
		<key>C642DB1D1710000A00A4A5EA</key>
		<dict>
			<key>fileRef</key>
			<string>C642DB171710000A00A4A5EA</string>
			<key>isa</key>
			<string>PBXBuildFile</string>
		</dict>
		<key>C65149D8174FBEEF00B1E330</key>
		<dict>
			<key>fileEncoding</key>
			<string>4</string>
			<key>isa</key>
			<string>PBXFileReference</string>
			<key>lastKnownFileType</key>
			<string>text</string>
			<key>path</key>
			<string>&#25991;&#23398;&#23569;&#22899;-Shift-JIS.txt</string>
			<key>sourceTree</key>
			<string>&lt;group&gt;</string>
		</dict>
		<key>C65149D9174FBEEF00B1E330</key>
		<dict>
			<key>fileRef</key>
			<string>C65149D8174FBEEF00B1E330</string>
			<key>isa</key>
			<string>PBXBuildFile</string>
		</dict>
		<key>C65149DA174FC9AC00B1E330</key>
		<dict>
			<key>fileEncoding</key>
			<string>4</string>
			<key>isa</key>
			<string>PBXFileReference</string>
			<key>lastKnownFileType</key>
			<string>sourcecode.c.h</string>
			<key>path</key>
			<string>RandomAccessText.h</string>
			<key>sourceTree</key>
			<string>&lt;group&gt;</string>
		</dict>
		<key>C65149DB174FC9AC00B1E330</key>
		<dict>
			<key>fileEncoding</key>
			<string>4</string>
			<key>isa</key>
			<string>PBXFileReference</string>
			<key>lastKnownFileType</key>
			<string>sourcecode.c.objc</string>
			<key>path</key>
			<string>RandomAccessText.m</string>
			<key>sourceTree</key>
			<string>&lt;group&gt;</string>
		</dict>
		<key>C65149DC174FC9AC00B1E330</key>
		<dict>
			<key>fileRef</key>
			<string>C65149DB174FC9AC00B1E330</string>
			<key>isa</key>
			<string>PBXBuildFile</string>
		</dict>
		<key>C65149DD175053D600B1E330</key>
		<dict>
			<key>fileEncoding</key>
			<string>4</string>
			<key>isa</key>
			<string>PBXFileReference</string>
			<key>lastKnownFileType</key>
			<string>sourcecode.c.h</string>
			<key>path</key>
			<string>Paginater.h</string>
			<key>sourceTree</key>
			<string>&lt;group&gt;</string>
		</dict>
		<key>C65149DE175053D600B1E330</key>
		<dict>
			<key>fileEncoding</key>
			<string>4</string>
			<key>isa</key>
			<string>PBXFileReference</string>
			<key>lastKnownFileType</key>
			<string>sourcecode.cpp.objcpp</string>
			<key>path</key>
			<string>Paginater.mm</string>
			<key>sourceTree</key>
			<string>&lt;group&gt;</string>
		</dict>
		<key>C65149DF175053D600B1E330</key>
		<dict>
			<key>fileRef</key>
			<string>C65149DE175053D600B1E330</string>
			<key>isa</key>
			<string>PBXBuildFile</string>
		</dict>
		<key>C66F370B170A7D0C00B27F1A</key>
		<dict>
			<key>children</key>
			<array>
				<string>C66F370D170A7D8500B27F1A</string>
				<string>C66F370E170A7D8500B27F1A</string>
				<string>C6111CA9170EF4FA00755439</string>
				<string>C6111CAA170EF4FA00755439</string>
				<string>C65149DA174FC9AC00B1E330</string>
				<string>C65149DB174FC9AC00B1E330</string>
				<string>C65149DD175053D600B1E330</string>
				<string>C65149DE175053D600B1E330</string>
			</array>
			<key>isa</key>
			<string>PBXGroup</string>
			<key>path</key>
			<string>core</string>
			<key>sourceTree</key>
			<string>&lt;group&gt;</string>
		</dict>
		<key>C66F370D170A7D8500B27F1A</key>
		<dict>
			<key>fileEncoding</key>
			<string>4</string>
			<key>isa</key>
			<string>PBXFileReference</string>
			<key>lastKnownFileType</key>
			<string>sourcecode.c.h</string>
			<key>path</key>
			<string>TextFileScanner.h</string>
			<key>sourceTree</key>
			<string>&lt;group&gt;</string>
		</dict>
		<key>C66F370E170A7D8500B27F1A</key>
		<dict>
			<key>fileEncoding</key>
			<string>4</string>
			<key>isa</key>
			<string>PBXFileReference</string>
			<key>lastKnownFileType</key>
			<string>sourcecode.c.objc</string>
			<key>path</key>
			<string>TextFileScanner.m</string>
			<key>sourceTree</key>
			<string>&lt;group&gt;</string>
		</dict>
		<key>C66F370F170A7D8500B27F1A</key>
		<dict>
			<key>fileRef</key>
			<string>C66F370E170A7D8500B27F1A</string>
			<key>isa</key>
			<string>PBXBuildFile</string>
		</dict>
		<key>C66F3710170A7D8500B27F1A</key>
		<dict>
			<key>fileRef</key>
			<string>C66F370E170A7D8500B27F1A</string>
			<key>isa</key>
			<string>PBXBuildFile</string>
		</dict>
		<key>C679BED4170926600010858A</key>
		<dict>
			<key>children</key>
			<array>
				<string>C679BEE6170926600010858A</string>
				<string>C679BF04170926600010858A</string>
				<string>C679BEDF170926600010858A</string>
				<string>C679BEDE170926600010858A</string>
				<string>FDF67383568E49339163765D</string>
			</array>
			<key>isa</key>
			<string>PBXGroup</string>
			<key>sourceTree</key>
			<string>&lt;group&gt;</string>
		</dict>
		<key>C679BED5170926600010858A</key>
		<dict>
			<key>attributes</key>
			<dict>
				<key>LastUpgradeCheck</key>
				<string>0460</string>
				<key>ORGANIZATIONNAME</key>
				<string>SideTrip.</string>
			</dict>
			<key>buildConfigurationList</key>
			<string>C679BED8170926600010858A</string>
			<key>compatibilityVersion</key>
			<string>Xcode 3.2</string>
			<key>developmentRegion</key>
			<string>English</string>
			<key>hasScannedForEncodings</key>
			<string>0</string>
			<key>isa</key>
			<string>PBXProject</string>
			<key>knownRegions</key>
			<array>
				<string>en</string>
			</array>
			<key>mainGroup</key>
			<string>C679BED4170926600010858A</string>
			<key>productRefGroup</key>
			<string>C679BEDE170926600010858A</string>
			<key>projectDirPath</key>
			<string></string>
			<key>projectReferences</key>
			<array/>
			<key>projectRoot</key>
			<string></string>
			<key>targets</key>
			<array>
				<string>C679BEDC170926600010858A</string>
				<string>C679BEFC170926600010858A</string>
			</array>
		</dict>
		<key>C679BED8170926600010858A</key>
		<dict>
			<key>buildConfigurations</key>
			<array>
				<string>C679BF0D170926600010858A</string>
				<string>C679BF0E170926600010858A</string>
			</array>
			<key>defaultConfigurationIsVisible</key>
			<string>0</string>
			<key>defaultConfigurationName</key>
			<string>Release</string>
			<key>isa</key>
			<string>XCConfigurationList</string>
		</dict>
		<key>C679BED9170926600010858A</key>
		<dict>
			<key>buildActionMask</key>
			<string>2147483647</string>
			<key>files</key>
			<array>
				<string>C679BEED170926600010858A</string>
				<string>C679BEF1170926600010858A</string>
				<string>C66F370F170A7D8500B27F1A</string>
				<string>C6111CAB170EF4FA00755439</string>
				<string>C65149DC174FC9AC00B1E330</string>
				<string>C65149DF175053D600B1E330</string>
				<string>C6C0BAE017562A7600AFABF0</string>
				<string>C60A8F3A1758C5A400888BE7</string>
				<string>C60A8F3F1758C6AE00888BE7</string>
				<string>C60A8F42175A148B00888BE7</string>
			</array>
			<key>isa</key>
			<string>PBXSourcesBuildPhase</string>
			<key>runOnlyForDeploymentPostprocessing</key>
			<string>0</string>
		</dict>
		<key>C679BEDA170926600010858A</key>
		<dict>
			<key>buildActionMask</key>
			<string>2147483647</string>
			<key>files</key>
			<array>
				<string>C6E295C417508B6800B8F28D</string>
				<string>C679BEE1170926600010858A</string>
				<string>C679BEE3170926600010858A</string>
				<string>C679BEE5170926600010858A</string>
				<string>F862E205B4D44E77A97EA656</string>
			</array>
			<key>isa</key>
			<string>PBXFrameworksBuildPhase</string>
			<key>runOnlyForDeploymentPostprocessing</key>
			<string>0</string>
		</dict>
		<key>C679BEDB170926600010858A</key>
		<dict>
			<key>buildActionMask</key>
			<string>2147483647</string>
			<key>files</key>
			<array>
				<string>C679BEEB170926600010858A</string>
				<string>C679BEF3170926600010858A</string>
				<string>C679BEF5170926600010858A</string>
				<string>C679BEF7170926600010858A</string>
				<string>C6C0BAD917562A1500AFABF0</string>
				<string>C6C0BADA17562A1500AFABF0</string>
				<string>C6C0BADD17562A5700AFABF0</string>
				<string>C60A8F3B1758C5A400888BE7</string>
			</array>
			<key>isa</key>
			<string>PBXResourcesBuildPhase</string>
			<key>runOnlyForDeploymentPostprocessing</key>
			<string>0</string>
		</dict>
		<key>C679BEDC170926600010858A</key>
		<dict>
			<key>buildConfigurationList</key>
			<string>C679BF0F170926600010858A</string>
			<key>buildPhases</key>
			<array>
				<string>AE5D714ADDAF4904AEF8D650</string>
				<string>C679BED9170926600010858A</string>
				<string>C679BEDA170926600010858A</string>
				<string>C679BEDB170926600010858A</string>
				<string>B7CF098D44F94B1A8B507968</string>
			</array>
			<key>buildRules</key>
			<array/>
			<key>dependencies</key>
			<array/>
			<key>isa</key>
			<string>PBXNativeTarget</string>
			<key>name</key>
			<string>book-reader</string>
			<key>productName</key>
			<string>book-reader</string>
			<key>productReference</key>
			<string>C679BEDD170926600010858A</string>
			<key>productType</key>
			<string>com.apple.product-type.application</string>
		</dict>
		<key>C679BEDD170926600010858A</key>
		<dict>
			<key>explicitFileType</key>
			<string>wrapper.application</string>
			<key>includeInIndex</key>
			<string>0</string>
			<key>isa</key>
			<string>PBXFileReference</string>
			<key>path</key>
			<string>book-reader.app</string>
			<key>sourceTree</key>
			<string>BUILT_PRODUCTS_DIR</string>
		</dict>
		<key>C679BEDE170926600010858A</key>
		<dict>
			<key>children</key>
			<array>
				<string>C679BEDD170926600010858A</string>
				<string>C679BEFD170926600010858A</string>
			</array>
			<key>isa</key>
			<string>PBXGroup</string>
			<key>name</key>
			<string>Products</string>
			<key>sourceTree</key>
			<string>&lt;group&gt;</string>
		</dict>
		<key>C679BEDF170926600010858A</key>
		<dict>
			<key>children</key>
			<array>
				<string>C6E295C317508B6800B8F28D</string>
				<string>C679BEE0170926600010858A</string>
				<string>C679BEE2170926600010858A</string>
				<string>C679BEE4170926600010858A</string>
				<string>C679BEFE170926600010858A</string>
				<string>BC886BFA5B5F462AA34AAF69</string>
			</array>
			<key>isa</key>
			<string>PBXGroup</string>
			<key>name</key>
			<string>Frameworks</string>
			<key>sourceTree</key>
			<string>&lt;group&gt;</string>
		</dict>
		<key>C679BEE0170926600010858A</key>
		<dict>
			<key>isa</key>
			<string>PBXFileReference</string>
			<key>lastKnownFileType</key>
			<string>wrapper.framework</string>
			<key>name</key>
			<string>UIKit.framework</string>
			<key>path</key>
			<string>System/Library/Frameworks/UIKit.framework</string>
			<key>sourceTree</key>
			<string>SDKROOT</string>
		</dict>
		<key>C679BEE1170926600010858A</key>
		<dict>
			<key>fileRef</key>
			<string>C679BEE0170926600010858A</string>
			<key>isa</key>
			<string>PBXBuildFile</string>
		</dict>
		<key>C679BEE2170926600010858A</key>
		<dict>
			<key>isa</key>
			<string>PBXFileReference</string>
			<key>lastKnownFileType</key>
			<string>wrapper.framework</string>
			<key>name</key>
			<string>Foundation.framework</string>
			<key>path</key>
			<string>System/Library/Frameworks/Foundation.framework</string>
			<key>sourceTree</key>
			<string>SDKROOT</string>
		</dict>
		<key>C679BEE3170926600010858A</key>
		<dict>
			<key>fileRef</key>
			<string>C679BEE2170926600010858A</string>
			<key>isa</key>
			<string>PBXBuildFile</string>
		</dict>
		<key>C679BEE4170926600010858A</key>
		<dict>
			<key>isa</key>
			<string>PBXFileReference</string>
			<key>lastKnownFileType</key>
			<string>wrapper.framework</string>
			<key>name</key>
			<string>CoreGraphics.framework</string>
			<key>path</key>
			<string>System/Library/Frameworks/CoreGraphics.framework</string>
			<key>sourceTree</key>
			<string>SDKROOT</string>
		</dict>
		<key>C679BEE5170926600010858A</key>
		<dict>
			<key>fileRef</key>
			<string>C679BEE4170926600010858A</string>
			<key>isa</key>
			<string>PBXBuildFile</string>
		</dict>
		<key>C679BEE6170926600010858A</key>
		<dict>
			<key>children</key>
			<array>
				<string>C60A8F3C1758C63000888BE7</string>
				<string>C60A8F361758C50A00888BE7</string>
				<string>C6C0BAD5175629C400AFABF0</string>
				<string>C66F370B170A7D0C00B27F1A</string>
				<string>C679BEEF170926600010858A</string>
				<string>C679BEF0170926600010858A</string>
				<string>C679BEE7170926600010858A</string>
			</array>
			<key>isa</key>
			<string>PBXGroup</string>
			<key>path</key>
			<string>book-reader</string>
			<key>sourceTree</key>
			<string>&lt;group&gt;</string>
		</dict>
		<key>C679BEE7170926600010858A</key>
		<dict>
			<key>children</key>
			<array>
				<string>C6C0BAD6175629F700AFABF0</string>
				<string>C679BEE8170926600010858A</string>
				<string>C679BEE9170926600010858A</string>
				<string>C679BEEC170926600010858A</string>
				<string>C679BEEE170926600010858A</string>
				<string>C679BEF2170926600010858A</string>
				<string>C679BEF4170926600010858A</string>
				<string>C679BEF6170926600010858A</string>
			</array>
			<key>isa</key>
			<string>PBXGroup</string>
			<key>name</key>
			<string>Supporting Files</string>
			<key>sourceTree</key>
			<string>&lt;group&gt;</string>
		</dict>
		<key>C679BEE8170926600010858A</key>
		<dict>
			<key>isa</key>
			<string>PBXFileReference</string>
			<key>lastKnownFileType</key>
			<string>text.plist.xml</string>
			<key>path</key>
			<string>book-reader-Info.plist</string>
			<key>sourceTree</key>
			<string>&lt;group&gt;</string>
		</dict>
		<key>C679BEE9170926600010858A</key>
		<dict>
			<key>children</key>
			<array>
				<string>C679BEEA170926600010858A</string>
			</array>
			<key>isa</key>
			<string>PBXVariantGroup</string>
			<key>name</key>
			<string>InfoPlist.strings</string>
			<key>sourceTree</key>
			<string>&lt;group&gt;</string>
		</dict>
		<key>C679BEEA170926600010858A</key>
		<dict>
			<key>isa</key>
			<string>PBXFileReference</string>
			<key>lastKnownFileType</key>
			<string>text.plist.strings</string>
			<key>name</key>
			<string>en</string>
			<key>path</key>
			<string>en.lproj/InfoPlist.strings</string>
			<key>sourceTree</key>
			<string>&lt;group&gt;</string>
		</dict>
		<key>C679BEEB170926600010858A</key>
		<dict>
			<key>fileRef</key>
			<string>C679BEE9170926600010858A</string>
			<key>isa</key>
			<string>PBXBuildFile</string>
		</dict>
		<key>C679BEEC170926600010858A</key>
		<dict>
			<key>isa</key>
			<string>PBXFileReference</string>
			<key>lastKnownFileType</key>
			<string>sourcecode.c.objc</string>
			<key>path</key>
			<string>main.m</string>
			<key>sourceTree</key>
			<string>&lt;group&gt;</string>
		</dict>
		<key>C679BEED170926600010858A</key>
		<dict>
			<key>fileRef</key>
			<string>C679BEEC170926600010858A</string>
			<key>isa</key>
			<string>PBXBuildFile</string>
		</dict>
		<key>C679BEEE170926600010858A</key>
		<dict>
			<key>isa</key>
			<string>PBXFileReference</string>
			<key>lastKnownFileType</key>
			<string>sourcecode.c.h</string>
			<key>path</key>
			<string>book-reader-Prefix.pch</string>
			<key>sourceTree</key>
			<string>&lt;group&gt;</string>
		</dict>
		<key>C679BEEF170926600010858A</key>
		<dict>
			<key>isa</key>
			<string>PBXFileReference</string>
			<key>lastKnownFileType</key>
			<string>sourcecode.c.h</string>
			<key>path</key>
			<string>AppDelegate.h</string>
			<key>sourceTree</key>
			<string>&lt;group&gt;</string>
		</dict>
		<key>C679BEF0170926600010858A</key>
		<dict>
			<key>isa</key>
			<string>PBXFileReference</string>
			<key>lastKnownFileType</key>
			<string>sourcecode.cpp.objcpp</string>
			<key>path</key>
			<string>AppDelegate.mm</string>
			<key>sourceTree</key>
			<string>&lt;group&gt;</string>
		</dict>
		<key>C679BEF1170926600010858A</key>
		<dict>
			<key>fileRef</key>
			<string>C679BEF0170926600010858A</string>
			<key>isa</key>
			<string>PBXBuildFile</string>
		</dict>
		<key>C679BEF2170926600010858A</key>
		<dict>
			<key>isa</key>
			<string>PBXFileReference</string>
			<key>lastKnownFileType</key>
			<string>image.png</string>
			<key>path</key>
			<string>Default.png</string>
			<key>sourceTree</key>
			<string>&lt;group&gt;</string>
		</dict>
		<key>C679BEF3170926600010858A</key>
		<dict>
			<key>fileRef</key>
			<string>C679BEF2170926600010858A</string>
			<key>isa</key>
			<string>PBXBuildFile</string>
		</dict>
		<key>C679BEF4170926600010858A</key>
		<dict>
			<key>isa</key>
			<string>PBXFileReference</string>
			<key>lastKnownFileType</key>
			<string>image.png</string>
			<key>path</key>
			<string>Default@2x.png</string>
			<key>sourceTree</key>
			<string>&lt;group&gt;</string>
		</dict>
		<key>C679BEF5170926600010858A</key>
		<dict>
			<key>fileRef</key>
			<string>C679BEF4170926600010858A</string>
			<key>isa</key>
			<string>PBXBuildFile</string>
		</dict>
		<key>C679BEF6170926600010858A</key>
		<dict>
			<key>isa</key>
			<string>PBXFileReference</string>
			<key>lastKnownFileType</key>
			<string>image.png</string>
			<key>path</key>
			<string>Default-568h@2x.png</string>
			<key>sourceTree</key>
			<string>&lt;group&gt;</string>
		</dict>
		<key>C679BEF7170926600010858A</key>
		<dict>
			<key>fileRef</key>
			<string>C679BEF6170926600010858A</string>
			<key>isa</key>
			<string>PBXBuildFile</string>
		</dict>
		<key>C679BEF8170926600010858A</key>
		<dict>
			<key>buildActionMask</key>
			<string>2147483647</string>
			<key>files</key>
			<array>
				<string>C679BF0C170926600010858A</string>
				<string>C66F3710170A7D8500B27F1A</string>
				<string>C6111CAC170EF4FA00755439</string>
				<string>C63E43A217512C0100FFBA23</string>
				<string>C63E43A317512C0500FFBA23</string>
				<string>C6C0BAE117562A7600AFABF0</string>
				<string>C60A8F43175A148B00888BE7</string>
			</array>
			<key>isa</key>
			<string>PBXSourcesBuildPhase</string>
			<key>runOnlyForDeploymentPostprocessing</key>
			<string>0</string>
		</dict>
		<key>C679BEF9170926600010858A</key>
		<dict>
			<key>buildActionMask</key>
			<string>2147483647</string>
			<key>files</key>
			<array>
				<string>C6E295C517508B7200B8F28D</string>
				<string>C679BEFF170926600010858A</string>
				<string>C679BF00170926600010858A</string>
				<string>C679BF01170926600010858A</string>
				<string>C63E43A417512EBD00FFBA23</string>
			</array>
			<key>isa</key>
			<string>PBXFrameworksBuildPhase</string>
			<key>runOnlyForDeploymentPostprocessing</key>
			<string>0</string>
		</dict>
		<key>C679BEFA170926600010858A</key>
		<dict>
			<key>buildActionMask</key>
			<string>2147483647</string>
			<key>files</key>
			<array>
				<string>C679BF09170926600010858A</string>
				<string>C6111CAE170F07C900755439</string>
				<string>C642DB1A1710000A00A4A5EA</string>
				<string>C642DB1D1710000A00A4A5EA</string>
				<string>C65149D9174FBEEF00B1E330</string>
				<string>C60A8F2D1752338800888BE7</string>
				<string>C60A8F2F175233CF00888BE7</string>
				<string>C60A8F331752362200888BE7</string>
				<string>C60A8F3517564A5D00888BE7</string>
			</array>
			<key>isa</key>
			<string>PBXResourcesBuildPhase</string>
			<key>runOnlyForDeploymentPostprocessing</key>
			<string>0</string>
		</dict>
		<key>C679BEFB170926600010858A</key>
		<dict>
			<key>buildActionMask</key>
			<string>2147483647</string>
			<key>files</key>
			<array/>
			<key>inputPaths</key>
			<array/>
			<key>isa</key>
			<string>PBXShellScriptBuildPhase</string>
			<key>outputPaths</key>
			<array/>
			<key>runOnlyForDeploymentPostprocessing</key>
			<string>0</string>
			<key>shellPath</key>
			<string>/bin/sh</string>
			<key>shellScript</key>
			<string># Run the unit tests in this test bundle.
"${SYSTEM_DEVELOPER_DIR}/Tools/RunUnitTests"
</string>
		</dict>
		<key>C679BEFC170926600010858A</key>
		<dict>
			<key>buildConfigurationList</key>
			<string>C679BF12170926600010858A</string>
			<key>buildPhases</key>
			<array>
				<string>C679BEF8170926600010858A</string>
				<string>C679BEF9170926600010858A</string>
				<string>C679BEFA170926600010858A</string>
				<string>C679BEFB170926600010858A</string>
			</array>
			<key>buildRules</key>
			<array/>
			<key>dependencies</key>
			<array>
				<string>C679BF03170926600010858A</string>
			</array>
			<key>isa</key>
			<string>PBXNativeTarget</string>
			<key>name</key>
			<string>book-readerTests</string>
			<key>productName</key>
			<string>book-readerTests</string>
			<key>productReference</key>
			<string>C679BEFD170926600010858A</string>
			<key>productType</key>
			<string>com.apple.product-type.bundle</string>
		</dict>
		<key>C679BEFD170926600010858A</key>
		<dict>
			<key>explicitFileType</key>
			<string>wrapper.cfbundle</string>
			<key>includeInIndex</key>
			<string>0</string>
			<key>isa</key>
			<string>PBXFileReference</string>
			<key>path</key>
			<string>book-readerTests.octest</string>
			<key>sourceTree</key>
			<string>BUILT_PRODUCTS_DIR</string>
		</dict>
		<key>C679BEFE170926600010858A</key>
		<dict>
			<key>isa</key>
			<string>PBXFileReference</string>
			<key>lastKnownFileType</key>
			<string>wrapper.framework</string>
			<key>name</key>
			<string>SenTestingKit.framework</string>
			<key>path</key>
			<string>Library/Frameworks/SenTestingKit.framework</string>
			<key>sourceTree</key>
			<string>DEVELOPER_DIR</string>
		</dict>
		<key>C679BEFF170926600010858A</key>
		<dict>
			<key>fileRef</key>
			<string>C679BEFE170926600010858A</string>
			<key>isa</key>
			<string>PBXBuildFile</string>
		</dict>
		<key>C679BF00170926600010858A</key>
		<dict>
			<key>fileRef</key>
			<string>C679BEE0170926600010858A</string>
			<key>isa</key>
			<string>PBXBuildFile</string>
		</dict>
		<key>C679BF01170926600010858A</key>
		<dict>
			<key>fileRef</key>
			<string>C679BEE2170926600010858A</string>
			<key>isa</key>
			<string>PBXBuildFile</string>
		</dict>
		<key>C679BF02170926600010858A</key>
		<dict>
			<key>containerPortal</key>
			<string>C679BED5170926600010858A</string>
			<key>isa</key>
			<string>PBXContainerItemProxy</string>
			<key>proxyType</key>
			<string>1</string>
			<key>remoteGlobalIDString</key>
			<string>C679BEDC170926600010858A</string>
			<key>remoteInfo</key>
			<string>book-reader</string>
		</dict>
		<key>C679BF03170926600010858A</key>
		<dict>
			<key>isa</key>
			<string>PBXTargetDependency</string>
			<key>target</key>
			<string>C679BEDC170926600010858A</string>
			<key>targetProxy</key>
			<string>C679BF02170926600010858A</string>
		</dict>
		<key>C679BF04170926600010858A</key>
		<dict>
			<key>children</key>
			<array>
				<string>C679BF0A170926600010858A</string>
				<string>C679BF0B170926600010858A</string>
				<string>C679BF05170926600010858A</string>
			</array>
			<key>isa</key>
			<string>PBXGroup</string>
			<key>path</key>
			<string>book-readerTests</string>
			<key>sourceTree</key>
			<string>&lt;group&gt;</string>
		</dict>
		<key>C679BF05170926600010858A</key>
		<dict>
			<key>children</key>
			<array>
				<string>C679BF15170931B10010858A</string>
				<string>C679BF06170926600010858A</string>
				<string>C679BF07170926600010858A</string>
			</array>
			<key>isa</key>
			<string>PBXGroup</string>
			<key>name</key>
			<string>Supporting Files</string>
			<key>sourceTree</key>
			<string>&lt;group&gt;</string>
		</dict>
		<key>C679BF06170926600010858A</key>
		<dict>
			<key>isa</key>
			<string>PBXFileReference</string>
			<key>lastKnownFileType</key>
			<string>text.plist.xml</string>
			<key>path</key>
			<string>book-readerTests-Info.plist</string>
			<key>sourceTree</key>
			<string>&lt;group&gt;</string>
		</dict>
		<key>C679BF07170926600010858A</key>
		<dict>
			<key>children</key>
			<array>
				<string>C679BF08170926600010858A</string>
			</array>
			<key>isa</key>
			<string>PBXVariantGroup</string>
			<key>name</key>
			<string>InfoPlist.strings</string>
			<key>sourceTree</key>
			<string>&lt;group&gt;</string>
		</dict>
		<key>C679BF08170926600010858A</key>
		<dict>
			<key>isa</key>
			<string>PBXFileReference</string>
			<key>lastKnownFileType</key>
			<string>text.plist.strings</string>
			<key>name</key>
			<string>en</string>
			<key>path</key>
			<string>en.lproj/InfoPlist.strings</string>
			<key>sourceTree</key>
			<string>&lt;group&gt;</string>
		</dict>
		<key>C679BF09170926600010858A</key>
		<dict>
			<key>fileRef</key>
			<string>C679BF07170926600010858A</string>
			<key>isa</key>
			<string>PBXBuildFile</string>
		</dict>
		<key>C679BF0A170926600010858A</key>
		<dict>
			<key>isa</key>
			<string>PBXFileReference</string>
			<key>lastKnownFileType</key>
			<string>sourcecode.c.h</string>
			<key>path</key>
			<string>book_readerTests.h</string>
			<key>sourceTree</key>
			<string>&lt;group&gt;</string>
		</dict>
		<key>C679BF0B170926600010858A</key>
		<dict>
			<key>isa</key>
			<string>PBXFileReference</string>
			<key>lastKnownFileType</key>
			<string>sourcecode.c.objc</string>
			<key>path</key>
			<string>book_readerTests.m</string>
			<key>sourceTree</key>
			<string>&lt;group&gt;</string>
		</dict>
		<key>C679BF0C170926600010858A</key>
		<dict>
			<key>fileRef</key>
			<string>C679BF0B170926600010858A</string>
			<key>isa</key>
			<string>PBXBuildFile</string>
		</dict>
		<key>C679BF0D170926600010858A</key>
		<dict>
			<key>buildSettings</key>
			<dict>
				<key>ALWAYS_SEARCH_USER_PATHS</key>
				<string>NO</string>
				<key>CLANG_CXX_LANGUAGE_STANDARD</key>
				<string>gnu++0x</string>
				<key>CLANG_CXX_LIBRARY</key>
				<string>libc++</string>
				<key>CLANG_WARN_CONSTANT_CONVERSION</key>
				<string>YES</string>
				<key>CLANG_WARN_EMPTY_BODY</key>
				<string>YES</string>
				<key>CLANG_WARN_ENUM_CONVERSION</key>
				<string>YES</string>
				<key>CLANG_WARN_INT_CONVERSION</key>
				<string>YES</string>
				<key>CLANG_WARN__DUPLICATE_METHOD_MATCH</key>
				<string>YES</string>
				<key>CODE_SIGN_IDENTITY[sdk=iphoneos*]</key>
				<string>iPhone Developer</string>
				<key>COPY_PHASE_STRIP</key>
				<string>NO</string>
				<key>GCC_C_LANGUAGE_STANDARD</key>
				<string>gnu99</string>
				<key>GCC_DYNAMIC_NO_PIC</key>
				<string>NO</string>
				<key>GCC_OPTIMIZATION_LEVEL</key>
				<string>0</string>
				<key>GCC_PREPROCESSOR_DEFINITIONS</key>
				<array>
					<string>DEBUG=1</string>
					<string>$(inherited)</string>
				</array>
				<key>GCC_SYMBOLS_PRIVATE_EXTERN</key>
				<string>NO</string>
				<key>GCC_WARN_ABOUT_RETURN_TYPE</key>
				<string>YES</string>
				<key>GCC_WARN_UNINITIALIZED_AUTOS</key>
				<string>YES</string>
				<key>GCC_WARN_UNUSED_VARIABLE</key>
				<string>YES</string>
				<key>IPHONEOS_DEPLOYMENT_TARGET</key>
				<string>6.1</string>
				<key>ONLY_ACTIVE_ARCH</key>
				<string>YES</string>
				<key>SDKROOT</key>
				<string>iphoneos</string>
			</dict>
			<key>isa</key>
			<string>XCBuildConfiguration</string>
			<key>name</key>
			<string>Debug</string>
		</dict>
		<key>C679BF0E170926600010858A</key>
		<dict>
			<key>buildSettings</key>
			<dict>
				<key>ALWAYS_SEARCH_USER_PATHS</key>
				<string>NO</string>
				<key>CLANG_CXX_LANGUAGE_STANDARD</key>
				<string>gnu++0x</string>
				<key>CLANG_CXX_LIBRARY</key>
				<string>libc++</string>
				<key>CLANG_WARN_CONSTANT_CONVERSION</key>
				<string>YES</string>
				<key>CLANG_WARN_EMPTY_BODY</key>
				<string>YES</string>
				<key>CLANG_WARN_ENUM_CONVERSION</key>
				<string>YES</string>
				<key>CLANG_WARN_INT_CONVERSION</key>
				<string>YES</string>
				<key>CLANG_WARN__DUPLICATE_METHOD_MATCH</key>
				<string>YES</string>
				<key>CODE_SIGN_IDENTITY[sdk=iphoneos*]</key>
				<string>iPhone Developer</string>
				<key>COPY_PHASE_STRIP</key>
				<string>YES</string>
				<key>GCC_C_LANGUAGE_STANDARD</key>
				<string>gnu99</string>
				<key>GCC_WARN_ABOUT_RETURN_TYPE</key>
				<string>YES</string>
				<key>GCC_WARN_UNINITIALIZED_AUTOS</key>
				<string>YES</string>
				<key>GCC_WARN_UNUSED_VARIABLE</key>
				<string>YES</string>
				<key>IPHONEOS_DEPLOYMENT_TARGET</key>
				<string>6.1</string>
				<key>OTHER_CFLAGS</key>
				<string>-DNS_BLOCK_ASSERTIONS=1</string>
				<key>SDKROOT</key>
				<string>iphoneos</string>
				<key>VALIDATE_PRODUCT</key>
				<string>YES</string>
			</dict>
			<key>isa</key>
			<string>XCBuildConfiguration</string>
			<key>name</key>
			<string>Release</string>
		</dict>
		<key>C679BF0F170926600010858A</key>
		<dict>
			<key>buildConfigurations</key>
			<array>
				<string>C679BF10170926600010858A</string>
				<string>C679BF11170926600010858A</string>
			</array>
			<key>defaultConfigurationIsVisible</key>
			<string>0</string>
			<key>defaultConfigurationName</key>
			<string>Release</string>
			<key>isa</key>
			<string>XCConfigurationList</string>
		</dict>
		<key>C679BF10170926600010858A</key>
		<dict>
			<key>baseConfigurationReference</key>
			<string>FDF67383568E49339163765D</string>
			<key>buildSettings</key>
			<dict>
				<key>CLANG_ENABLE_OBJC_ARC</key>
				<string>YES</string>
				<key>GCC_PRECOMPILE_PREFIX_HEADER</key>
				<string>YES</string>
				<key>GCC_PREFIX_HEADER</key>
				<string>book-reader/book-reader-Prefix.pch</string>
				<key>GCC_TREAT_WARNINGS_AS_ERRORS</key>
				<string>NO</string>
				<key>INFOPLIST_FILE</key>
				<string>book-reader/book-reader-Info.plist</string>
				<key>PRODUCT_NAME</key>
				<string>$(TARGET_NAME)</string>
				<key>RUN_CLANG_STATIC_ANALYZER</key>
				<string>YES</string>
				<key>WRAPPER_EXTENSION</key>
				<string>app</string>
			</dict>
			<key>isa</key>
			<string>XCBuildConfiguration</string>
			<key>name</key>
			<string>Debug</string>
		</dict>
		<key>C679BF11170926600010858A</key>
		<dict>
			<key>baseConfigurationReference</key>
			<string>FDF67383568E49339163765D</string>
			<key>buildSettings</key>
			<dict>
				<key>CLANG_ENABLE_OBJC_ARC</key>
				<string>YES</string>
				<key>GCC_PRECOMPILE_PREFIX_HEADER</key>
				<string>YES</string>
				<key>GCC_PREFIX_HEADER</key>
				<string>book-reader/book-reader-Prefix.pch</string>
				<key>GCC_TREAT_WARNINGS_AS_ERRORS</key>
				<string>NO</string>
				<key>INFOPLIST_FILE</key>
				<string>book-reader/book-reader-Info.plist</string>
				<key>PRODUCT_NAME</key>
				<string>$(TARGET_NAME)</string>
				<key>RUN_CLANG_STATIC_ANALYZER</key>
				<string>YES</string>
				<key>WRAPPER_EXTENSION</key>
				<string>app</string>
			</dict>
			<key>isa</key>
			<string>XCBuildConfiguration</string>
			<key>name</key>
			<string>Release</string>
		</dict>
		<key>C679BF12170926600010858A</key>
		<dict>
			<key>buildConfigurations</key>
			<array>
				<string>C679BF13170926600010858A</string>
				<string>C679BF14170926600010858A</string>
			</array>
			<key>defaultConfigurationIsVisible</key>
			<string>0</string>
			<key>defaultConfigurationName</key>
			<string>Release</string>
			<key>isa</key>
			<string>XCConfigurationList</string>
		</dict>
		<key>C679BF13170926600010858A</key>
		<dict>
			<key>buildSettings</key>
			<dict>
				<key>BUNDLE_LOADER</key>
				<string>$(BUILT_PRODUCTS_DIR)/book-reader.app/book-reader</string>
				<key>CLANG_ENABLE_OBJC_ARC</key>
				<string>YES</string>
				<key>FRAMEWORK_SEARCH_PATHS</key>
				<array>
					<string>"$(SDKROOT)/Developer/Library/Frameworks"</string>
					<string>"$(DEVELOPER_LIBRARY_DIR)/Frameworks"</string>
				</array>
				<key>GCC_PRECOMPILE_PREFIX_HEADER</key>
				<string>YES</string>
				<key>GCC_PREFIX_HEADER</key>
				<string>book-reader/book-reader-Prefix.pch</string>
				<key>INFOPLIST_FILE</key>
				<string>book-readerTests/book-readerTests-Info.plist</string>
				<key>PRODUCT_NAME</key>
				<string>$(TARGET_NAME)</string>
				<key>TEST_HOST</key>
				<string>$(BUNDLE_LOADER)</string>
				<key>WRAPPER_EXTENSION</key>
				<string>octest</string>
			</dict>
			<key>isa</key>
			<string>XCBuildConfiguration</string>
			<key>name</key>
			<string>Debug</string>
		</dict>
		<key>C679BF14170926600010858A</key>
		<dict>
			<key>buildSettings</key>
			<dict>
				<key>BUNDLE_LOADER</key>
				<string>$(BUILT_PRODUCTS_DIR)/book-reader.app/book-reader</string>
				<key>CLANG_ENABLE_OBJC_ARC</key>
				<string>YES</string>
				<key>FRAMEWORK_SEARCH_PATHS</key>
				<array>
					<string>"$(SDKROOT)/Developer/Library/Frameworks"</string>
					<string>"$(DEVELOPER_LIBRARY_DIR)/Frameworks"</string>
				</array>
				<key>GCC_PRECOMPILE_PREFIX_HEADER</key>
				<string>YES</string>
				<key>GCC_PREFIX_HEADER</key>
				<string>book-reader/book-reader-Prefix.pch</string>
				<key>INFOPLIST_FILE</key>
				<string>book-readerTests/book-readerTests-Info.plist</string>
				<key>PRODUCT_NAME</key>
				<string>$(TARGET_NAME)</string>
				<key>TEST_HOST</key>
				<string>$(BUNDLE_LOADER)</string>
				<key>WRAPPER_EXTENSION</key>
				<string>octest</string>
			</dict>
			<key>isa</key>
			<string>XCBuildConfiguration</string>
			<key>name</key>
			<string>Release</string>
		</dict>
		<key>C679BF15170931B10010858A</key>
		<dict>
			<key>children</key>
			<array>
				<string>C60A8F3417564A5D00888BE7</string>
				<string>C60A8F321752362200888BE7</string>
				<string>C60A8F2E175233CF00888BE7</string>
				<string>C60A8F2C1752338800888BE7</string>
				<string>C65149D8174FBEEF00B1E330</string>
				<string>C642DB141710000A00A4A5EA</string>
				<string>C642DB171710000A00A4A5EA</string>
				<string>C6111CAD170F07C900755439</string>
			</array>
			<key>isa</key>
			<string>PBXGroup</string>
			<key>path</key>
			<string>texts</string>
			<key>sourceTree</key>
			<string>&lt;group&gt;</string>
		</dict>
		<key>C6C0BAD5175629C400AFABF0</key>
		<dict>
			<key>children</key>
			<array>
				<string>C6C0BADE17562A7600AFABF0</string>
				<string>C6C0BADF17562A7600AFABF0</string>
				<string>C60A8F40175A148B00888BE7</string>
				<string>C60A8F41175A148B00888BE7</string>
			</array>
			<key>isa</key>
			<string>PBXGroup</string>
			<key>path</key>
			<string>helper</string>
			<key>sourceTree</key>
			<string>&lt;group&gt;</string>
		</dict>
		<key>C6C0BAD6175629F700AFABF0</key>
		<dict>
			<key>children</key>
			<array>
				<string>C6C0BADB17562A4000AFABF0</string>
				<string>C6C0BAD717562A1500AFABF0</string>
				<string>C6C0BAD817562A1500AFABF0</string>
			</array>
			<key>isa</key>
			<string>PBXGroup</string>
			<key>path</key>
			<string>resource</string>
			<key>sourceTree</key>
			<string>&lt;group&gt;</string>
		</dict>
		<key>C6C0BAD717562A1500AFABF0</key>
		<dict>
			<key>fileEncoding</key>
			<string>4</string>
			<key>isa</key>
			<string>PBXFileReference</string>
			<key>lastKnownFileType</key>
			<string>text</string>
			<key>path</key>
			<string>&#21476;&#25991;&#35266;&#27490;-utf16le.txt</string>
			<key>sourceTree</key>
			<string>&lt;group&gt;</string>
		</dict>
		<key>C6C0BAD817562A1500AFABF0</key>
		<dict>
			<key>fileEncoding</key>
			<string>4</string>
			<key>isa</key>
			<string>PBXFileReference</string>
			<key>lastKnownFileType</key>
			<string>text</string>
			<key>path</key>
			<string>&#21476;&#25991;&#35266;&#27490;-utf16.txt</string>
			<key>sourceTree</key>
			<string>&lt;group&gt;</string>
		</dict>
		<key>C6C0BAD917562A1500AFABF0</key>
		<dict>
			<key>fileRef</key>
			<string>C6C0BAD717562A1500AFABF0</string>
			<key>isa</key>
			<string>PBXBuildFile</string>
		</dict>
		<key>C6C0BADA17562A1500AFABF0</key>
		<dict>
			<key>fileRef</key>
			<string>C6C0BAD817562A1500AFABF0</string>
			<key>isa</key>
			<string>PBXBuildFile</string>
		</dict>
		<key>C6C0BADB17562A4000AFABF0</key>
		<dict>
			<key>children</key>
			<array>
				<string>C6C0BADC17562A5700AFABF0</string>
			</array>
			<key>isa</key>
			<string>PBXGroup</string>
			<key>path</key>
			<string>images</string>
			<key>sourceTree</key>
			<string>&lt;group&gt;</string>
		</dict>
		<key>C6C0BADC17562A5700AFABF0</key>
		<dict>
			<key>isa</key>
			<string>PBXFileReference</string>
			<key>lastKnownFileType</key>
			<string>image.png</string>
			<key>path</key>
			<string>&#23631;&#24149;&#24555;&#29031; 2013-05-28 &#19979;&#21320;5.40.15.png</string>
			<key>sourceTree</key>
			<string>&lt;group&gt;</string>
		</dict>
		<key>C6C0BADD17562A5700AFABF0</key>
		<dict>
			<key>fileRef</key>
			<string>C6C0BADC17562A5700AFABF0</string>
			<key>isa</key>
			<string>PBXBuildFile</string>
		</dict>
		<key>C6C0BADE17562A7600AFABF0</key>
		<dict>
			<key>fileEncoding</key>
			<string>4</string>
			<key>isa</key>
			<string>PBXFileReference</string>
			<key>lastKnownFileType</key>
			<string>sourcecode.c.h</string>
			<key>path</key>
			<string>FileUtil.h</string>
			<key>sourceTree</key>
			<string>&lt;group&gt;</string>
		</dict>
		<key>C6C0BADF17562A7600AFABF0</key>
		<dict>
			<key>fileEncoding</key>
			<string>4</string>
			<key>isa</key>
			<string>PBXFileReference</string>
			<key>lastKnownFileType</key>
			<string>sourcecode.c.objc</string>
			<key>path</key>
			<string>FileUtil.m</string>
			<key>sourceTree</key>
			<string>&lt;group&gt;</string>
		</dict>
		<key>C6C0BAE017562A7600AFABF0</key>
		<dict>
			<key>fileRef</key>
			<string>C6C0BADF17562A7600AFABF0</string>
			<key>isa</key>
			<string>PBXBuildFile</string>
		</dict>
		<key>C6C0BAE117562A7600AFABF0</key>
		<dict>
			<key>fileRef</key>
			<string>C6C0BADF17562A7600AFABF0</string>
			<key>isa</key>
			<string>PBXBuildFile</string>
		</dict>
		<key>C6E295C317508B6800B8F28D</key>
		<dict>
			<key>isa</key>
			<string>PBXFileReference</string>
			<key>lastKnownFileType</key>
			<string>wrapper.framework</string>
			<key>name</key>
			<string>CoreText.framework</string>
			<key>path</key>
			<string>System/Library/Frameworks/CoreText.framework</string>
			<key>sourceTree</key>
			<string>SDKROOT</string>
		</dict>
		<key>C6E295C417508B6800B8F28D</key>
		<dict>
			<key>fileRef</key>
			<string>C6E295C317508B6800B8F28D</string>
			<key>isa</key>
			<string>PBXBuildFile</string>
		</dict>
		<key>C6E295C517508B7200B8F28D</key>
		<dict>
			<key>fileRef</key>
			<string>C6E295C317508B6800B8F28D</string>
			<key>isa</key>
			<string>PBXBuildFile</string>
		</dict>
		<key>F862E205B4D44E77A97EA656</key>
		<dict>
			<key>fileRef</key>
			<string>BC886BFA5B5F462AA34AAF69</string>
			<key>isa</key>
			<string>PBXBuildFile</string>
			<key>settings</key>
			<dict/>
		</dict>
		<key>FDF67383568E49339163765D</key>
		<dict>
			<key>includeInIndex</key>
			<string>1</string>
			<key>isa</key>
			<string>PBXFileReference</string>
			<key>lastKnownFileType</key>
			<string>text.xcconfig</string>
			<key>name</key>
			<string>Pods.xcconfig</string>
			<key>path</key>
			<string>Pods/Pods.xcconfig</string>
			<key>sourceTree</key>
			<string>SOURCE_ROOT</string>
		</dict>
	</dict>
	<key>rootObject</key>
	<string>C679BED5170926600010858A</string>
</dict>
</plist>
